Microsoft Visual Studio Solution File, Format Version 12.00
# Visual Studio Version 17
VisualStudioVersion = 17.13.35825.156
MinimumVisualStudioVersion = 10.0.40219.1
Project("{FAE04EC0-301F-11D3-BF4B-00C04F79EFBC}") = "BlazorPlayground", "BlazorPlayground\BlazorPlayground.csproj", "{3F96BBBB-A846-BDFC-F3BB-63CA0BA028CE}"
EndProject
Project("{FAE04EC0-301F-11D3-BF4B-00C04F79EFBC}") = "BlazorPlayground.Client", "BlazorPlayground.Client\BlazorPlayground.Client.csproj", "{38BEEB98-E884-8C83-C45C-1D9ADDE60EC9}"
EndProject
Project("{FAE04EC0-301F-11D3-BF4B-00C04F79EFBC}") = "BlazorPlayground.Components", "BlazorPlayground.Components\BlazorPlayground.Components.csproj", "{AB3412A7-58EF-764B-73AF-2D2A8D045EE3}"
EndProject
Project("{FAE04EC0-301F-11D3-BF4B-00C04F79EFBC}") = "BlazorPlayground.Components.Tests", "BlazorPlayground.Components.Tests\BlazorPlayground.Components.Tests.csproj", "{57CA09D8-D9B7-AD92-00EA-B9167A4A87C6}"
EndProject
Project("{2150E333-8FDC-42A3-9474-1A3956D46DE8}") = "Solution Items", "Solution Items", "{8EC462FD-D22E-90A8-E5CE-7E832BA40C5D}"
	ProjectSection(SolutionItems) = preProject
		.editorconfig = .editorconfig
		Directory.Build.props = Directory.Build.props
		Directory.Packages.props = Directory.Packages.props
	EndProjectSection
EndProject
Global
	GlobalSection(SolutionConfigurationPlatforms) = preSolution
		Debug|Any CPU = Debug|Any CPU
		Release|Any CPU = Release|Any CPU
	EndGlobalSection
	GlobalSection(ProjectConfigurationPlatforms) = postSolution
		{3F96BBBB-A846-BDFC-F3BB-63CA0BA028CE}.Debug|Any CPU.ActiveCfg = Debug|Any CPU
		{3F96BBBB-A846-BDFC-F3BB-63CA0BA028CE}.Debug|Any CPU.Build.0 = Debug|Any CPU
		{3F96BBBB-A846-BDFC-F3BB-63CA0BA028CE}.Release|Any CPU.ActiveCfg = Release|Any CPU
		{3F96BBBB-A846-BDFC-F3BB-63CA0BA028CE}.Release|Any CPU.Build.0 = Release|Any CPU
		{38BEEB98-E884-8C83-C45C-1D9ADDE60EC9}.Debug|Any CPU.ActiveCfg = Debug|Any CPU
		{38BEEB98-E884-8C83-C45C-1D9ADDE60EC9}.Debug|Any CPU.Build.0 = Debug|Any CPU
		{38BEEB98-E884-8C83-C45C-1D9ADDE60EC9}.Release|Any CPU.ActiveCfg = Release|Any CPU
		{38BEEB98-E884-8C83-C45C-1D9ADDE60EC9}.Release|Any CPU.Build.0 = Release|Any CPU
		{AB3412A7-58EF-764B-73AF-2D2A8D045EE3}.Debug|Any CPU.ActiveCfg = Debug|Any CPU
		{AB3412A7-58EF-764B-73AF-2D2A8D045EE3}.Debug|Any CPU.Build.0 = Debug|Any CPU
		{AB3412A7-58EF-764B-73AF-2D2A8D045EE3}.Release|Any CPU.ActiveCfg = Release|Any CPU
		{AB3412A7-58EF-764B-73AF-2D2A8D045EE3}.Release|Any CPU.Build.0 = Release|Any CPU
		{57CA09D8-D9B7-AD92-00EA-B9167A4A87C6}.Debug|Any CPU.ActiveCfg = Debug|Any CPU
		{57CA09D8-D9B7-AD92-00EA-B9167A4A87C6}.Debug|Any CPU.Build.0 = Debug|Any CPU
		{57CA09D8-D9B7-AD92-00EA-B9167A4A87C6}.Release|Any CPU.ActiveCfg = Release|Any CPU
		{57CA09D8-D9B7-AD92-00EA-B9167A4A87C6}.Release|Any CPU.Build.0 = Release|Any CPU
	EndGlobalSection
	GlobalSection(SolutionProperties) = preSolution
		HideSolutionNode = FALSE
	EndGlobalSection
	GlobalSection(ExtensibilityGlobals) = postSolution
		SolutionGuid = {998551B8-3357-4CE5-BA71-0EDEA8A8637C}
	EndGlobalSection
EndGlobal
